github.com/btwiuse/rng v0.0.1 h1:F/w4+ic1DseF/0GNucoMlp6GoeRjtTnPIxm/imKsSlg=
github.com/btwiuse/rng v0.0.1/go.mod h1:3XREiaINFtzJsq60159nyi+jE30+x2d5WXycVoE9+a8=
github.com/btwiuse/version v0.0.2 h1:j8L+Gop02ldD+qoAQ9UQCrWqf8UJBa9LmplLqtjssog=
github.com/btwiuse/version v0.0.2/go.mod h1:q+BNTcntxYni8z/BY2RgNLpBSjhbHGMmc788tW4qNCE=
github.com/btwiuse/wsconn v0.0.6 h1:nxh87lAe4aZ+FD1yzUqSLE8qoi3fFoesRjcupFMS3hQ=
github.com/btwiuse/wsconn v0.0.6/go.mod h1:fwLQopSBCJL0d0aEtZ8lt3jpJRTCvPkFT12ogW5SxLg=
github.com/coder/websocket v1.8.14 h1:9L0p0iKiNOibykf283eHkKUHHrpG7f65OE3BhhO7v9g=
github.com/coder/websocket v1.8.14/go.mod h1:NX3SzP+inril6yawo5CQXx8+fk145lPDC6pumgx0mVg=
github.com/davecgh/go-spew v1.1.2-0.20180830191138-d8f796af33cc h1:U9qPSI2PIWSS1VwoXQT9A3Wy9MM3WgvqSxFWenqJduM=
github.com/davecgh/go-spew v1.1.2-0.20180830191138-d8f796af33cc/go.mod h1:J7Y8YcW2NihsgmVo/mv3lAwl/skON4iLHjSsI+c5H38=
github.com/docker/docker v27.3.1+incompatible h1:KttF0XoteNTicmUtBO0L2tP+J7FGRFTjaEF4k6WdhfI=
github.com/docker/docker v27.3.1+incompatible/go.mod h1:eEKB0N0r5NX/I1kEveEz05bcu8tLC/8azJZsviup8Sk=
github.com/dunglas/httpsfv v1.1.0 h1:Jw76nAyKWKZKFrpMMcL76y35tOpYHqQPzHQiwDvpe54=
github.com/dunglas/httpsfv v1.1.0/go.mod h1:zID2mqw9mFsnt7YC3vYQ9/cjq30q41W+1AnDwH8TiMg=
github.com/ebi-yade/altsvc-go v0.1.2-0.20220921153119-0c9cfefbad86 h1:DXw0z8ngX01QW91AymLEz2TX0+QUEG/UHbd3JhYI32Q=
github.com/ebi-yade/altsvc-go v0.1.2-0.20220921153119-0c9cfefbad86/go.mod h1:ull+1BSvkgGusJeJ7vOpexu+JkVYjDcNLi/1kRLH6Jw=
github.com/felixge/httpsnoop v1.0.3 h1:s/nj+GCswXYzN5v2DpNMuMQYe+0DDwt5WVCU6CWBdXk=
github.com/felixge/httpsnoop v1.0.3/go.mod h1:m8KPJKqk1gH5J9DgRY2ASl2lWCfGKXixSwevea8zH2U=
github.com/google/go-cmp v0.6.0 h1:ofyhxvXcZhMsU5ulbFiLKl/XBFqE1GSq7atu8tAmTRI=
github.com/google/go-cmp v0.6.0/go.mod h1:17dUlkBOakJ0+DkrSSNjCkIjxS6bF9zb3elmeNGIjoY=
github.com/google/uuid v1.6.0 h1:NIvaJDMOsjHA8n1jAhLSgzrAzy1Hgr+hNrb57e+94F0=
github.com/google/uuid v1.6.0/go.mod h1:TIyPZe4MgqvfeYDBFedMoGGpEw/LqOeaOT+nhxU+yHo=
github.com/gorilla/handlers v1.5.2 h1:cLTUSsNkgcwhgRqvCNmdbRWG0A3N4F+M2nWKdScwyEE=
github.com/gorilla/handlers v1.5.2/go.mod h1:dX+xVpaxdSw+q0Qek8SSsl3dfMk3jNddUkMzo0GtH0w=
github.com/gorilla/websocket v1.5.3 h1:saDtZ6Pbx/0u+bgYQ3q96pZgCzfhKXGPqt7kZ72aNNg=
github.com/gorilla/websocket v1.5.3/go.mod h1:YR8l580nyteQvAITg2hZ9XVh4b55+EU/adAjf1fMHhE=
github.com/hashicorp/yamux v0.1.3-0.20251104084018-94aaaeac4d7e h1:xtk1RegXFn7uHdhJ0XkNChC8Kf5HHih7WbKi7NgQ1DQ=
github.com/hashicorp/yamux v0.1.3-0.20251104084018-94aaaeac4d7e/go.mod h1:c5/tk6G0dSpXGzJN7Wk1OEie8grdSJAmeawId9Zvd34=
github.com/kataras/basicauth v0.0.3 h1:Do2epS3AA2HJewna/xVbiOz0eqPfDl3BdWT+oV3/PFw=
github.com/kataras/basicauth v0.0.3/go.mod h1:jPG0r2XUSOf5KYjDFMy1Pgl2UxxHiIZAZhcF9wk065o=
github.com/kr/pretty v0.3.1 h1:flRD4NNwYAUpkphVc1HcthR4KEIFJ65n8Mw5qdRn3LE=
github.com/kr/pretty v0.3.1/go.mod h1:hoEshYVHaxMs3cyo3Yncou5ZscifuDolrwPKZanG3xk=
github.com/kr/text v0.2.0 h1:5Nx0Ya0ZqY2ygV366QzturHI13Jq95ApcVaJBhpS+AY=
github.com/kr/text v0.2.0/go.mod h1:eLer722TekiGuMkidMxC/pM04lWEeraHUUmBw8l2grE=
github.com/mattn/go-isatty v0.0.20 h1:xfD0iDuEKnDkl03q4limB+vH+GxLEtL/jb4xVJSWWEY=
github.com/mattn/go-isatty v0.0.20/go.mod h1:W+V8PltTTMOvKvAeJH7IuucS94S2C6jfK/D7dTCTo3Y=
github.com/miekg/dns v1.1.70 h1:DZ4u2AV35VJxdD9Fo9fIWm119BsQL5cZU1cQ9s0LkqA=
github.com/miekg/dns v1.1.70/go.mod h1:+EuEPhdHOsfk6Wk5TT2CzssZdqkmFhf8r+aVyDEToIs=
github.com/pmezard/go-difflib v1.0.1-0.20181226105442-5d4384ee4fb2 h1:Jamvg5psRIccs7FGNTlIRMkT8wgtp5eCXdBlqhYGL6U=
github.com/pmezard/go-difflib v1.0.1-0.20181226105442-5d4384ee4fb2/go.mod h1:iKH77koFhYxTK1pcRnkKkqfTogsbg7gZNVY4sRDYZ/4=
github.com/quic-go/qpack v0.6.0 h1:g7W+BMYynC1LbYLSqRt8PBg5Tgwxn214ZZR34VIOjz8=
github.com/quic-go/qpack v0.6.0/go.mod h1:lUpLKChi8njB4ty2bFLX2x4gzDqXwUpaO1DP9qMDZII=
github.com/quic-go/quic-go v0.58.1-0.20260103101554-29b1a154ebc8 h1:5tj3IFn2lUw0063zA+91YC8Vsg2uTbJEggwOcmi5xMA=
github.com/quic-go/quic-go v0.58.1-0.20260103101554-29b1a154ebc8/go.mod h1:upnsH4Ju1YkqpLXC305eW3yDZ4NfnNbmQRCMWS58IKU=
github.com/quic-go/webtransport-go v0.9.1-0.20260108025406-5d8d3c4fd687 h1:HEY+BHVstSziMC1ByXC7oyiTl1CPUIDHWmAaqPDqq3Q=
github.com/quic-go/webtransport-go v0.9.1-0.20260108025406-5d8d3c4fd687/go.mod h1:IuGcXPWd6Nwnhpjhqiz5VdZrgF35dPHBjagi+zpKdQM=
github.com/rogpeppe/go-internal v1.10.0 h1:TMyTOH3F/DB16zRVcYyreMH6GnZZrwQVAoYjRBZyWFQ=
github.com/rogpeppe/go-internal v1.10.0/go.mod h1:UQnix2H7Ngw/k4C5ijL5+65zddjncjaFoBhdsK/akog=
github.com/rs/cors v1.11.1 h1:eU3gRzXLRK57F5rKMGMZURNdIG4EoAmX8k94r9wXWHA=
github.com/rs/cors v1.11.1/go.mod h1:XyqrcTp5zjWr1wsJ8PIRZssZ8b/WMcMf71DJnit4EMU=
github.com/stretchr/testify v1.11.1 h1:7s2iGBzp5EwR7/aIZr8ao5+dra3wiQyKjjFuvgVKu7U=
github.com/stretchr/testify v1.11.1/go.mod h1:wZwfW3scLgRK+23gO65QZefKpKQRnfz6sD981Nm4B6U=
github.com/things-go/go-socks5 v0.1.1 h1:48hy9cHEXPKeG91G/g4n8zW4uynzPUQy/FkcrJ7r5AY=
github.com/things-go/go-socks5 v0.1.1/go.mod h1:1YBHVYG7Oli5ae+Pwkp630cPAwY1pjUPmohO1n0Emg0=
github.com/webteleport/auth v0.0.9 h1:28sS+HpaTpt0sq0sqaaGUCwdKIKQ8dWWeEupfn8/lNA=
github.com/webteleport/auth v0.0.9/go.mod h1:QuwRZsrTp7ARjUKTF/Ygt0oKa0JMUfHDLDtIBM+PJqE=
github.com/webteleport/utils v0.2.19-alpha.9 h1:164MJpoeQbTptSkg1Xcpd/Pn6LB8MrdBbWj9arjpdMI=
github.com/webteleport/utils v0.2.19-alpha.9/go.mod h1:i6SMGr1qyEFxbMRdab2hjNYPSAmSnyR9Xh9ZNqTV0bM=
github.com/webteleport/webteleport v0.5.40-alpha.11 h1:RJ9yl82shd/NYlurrOIoiyM0ZiOqRgTyEMp6wzX0A9Q=
github.com/webteleport/webteleport v0.5.40-alpha.11/go.mod h1:onXH0WX/1JhuoLfLrSTo4bcgy1BJBdizaixajPuskP8=
github.com/webteleport/wtf v0.1.31-alpha.7 h1:/W/f1f2a80sVm8MvlJrz+GIT73MpsQx7J9ZQSqS0vMo=
github.com/webteleport/wtf v0.1.31-alpha.7/go.mod h1:j6bXdWAhRCoswZ96yOUvLM52uvJEDxRncNwlL+BAOq4=
go.uber.org/mock v0.5.2 h1:LbtPTcP8A5k9WPXj54PPPbjcI4Y6lhyOZXn+VS7wNko=
go.uber.org/mock v0.5.2/go.mod h1:wLlUxC2vVTPTaE3UD51E0BGOAElKrILxhVSDYQLld5o=
golang.org/x/crypto v0.46.0 h1:cKRW/pmt1pKAfetfu+RCEvjvZkA9RimPbh7bhFjGVBU=
golang.org/x/crypto v0.46.0/go.mod h1:Evb/oLKmMraqjZ2iQTwDwvCtJkczlDuTmdJXoZVzqU0=
golang.org/x/exp v0.0.0-20251219203646-944ab1f22d93 h1:fQsdNF2N+/YewlRZiricy4P1iimyPKZ/xwniHj8Q2a0=
golang.org/x/exp v0.0.0-20251219203646-944ab1f22d93/go.mod h1:EPRbTFwzwjXj9NpYyyrvenVh9Y+GFeEvMNh7Xuz7xgU=
golang.org/x/mod v0.31.0 h1:HaW9xtz0+kOcWKwli0ZXy79Ix+UW/vOfmWI5QVd2tgI=
golang.org/x/mod v0.31.0/go.mod h1:43JraMp9cGx1Rx3AqioxrbrhNsLl2l/iNAvuBkrezpg=
golang.org/x/net v0.48.0 h1:zyQRTTrjc33Lhh0fBgT/H3oZq9WuvRR5gPC70xpDiQU=
golang.org/x/net v0.48.0/go.mod h1:+ndRgGjkh8FGtu1w1FGbEC31if4VrNVMuKTgcAAnQRY=
golang.org/x/sync v0.19.0 h1:vV+1eWNmZ5geRlYjzm2adRgW2/mcpevXNg50YZtPCE4=
golang.org/x/sync v0.19.0/go.mod h1:9KTHXmSnoGruLpwFjVSX0lNNA75CykiMECbovNTZqGI=
golang.org/x/sys v0.6.0/go.mod h1:oPkhp1MJrh7nUepCBck5+mAzfO9JrbApNNgaTdGDITg=
golang.org/x/sys v0.39.0 h1:CvCKL8MeisomCi6qNZ+wbb0DN9E5AATixKsvNtMoMFk=
golang.org/x/sys v0.39.0/go.mod h1:OgkHotnGiDImocRcuBABYBEXf8A9a87e/uXjp9XT3ks=
golang.org/x/text v0.32.0 h1:ZD01bjUt1FQ9WJ0ClOL5vxgxOI/sVCNgX1YtKwcY0mU=
golang.org/x/text v0.32.0/go.mod h1:o/rUWzghvpD5TXrTIBuJU77MTaN0ljMWE47kxGJQ7jY=
golang.org/x/tools v0.40.0 h1:yLkxfA+Qnul4cs9QA3KnlFu0lVmd8JJfoq+E41uSutA=
golang.org/x/tools v0.40.0/go.mod h1:Ik/tzLRlbscWpqqMRjyWYDisX8bG13FrdXp3o4Sr9lc=
gopkg.in/check.v1 v0.0.0-20161208181325-20d25e280405/go.mod h1:Co6ibVJAznAaIkqp8huTwlJQCZ016jof/cbN4VW5Yz0=
gopkg.in/check.v1 v1.0.0-20201130134442-10cb98267c6c h1:Hei/4ADfdWqJk1ZMxUNpqntNwaWcugrBjAiHlqqRiVk=
gopkg.in/check.v1 v1.0.0-20201130134442-10cb98267c6c/go.mod h1:JHkPIbrfpd72SG/EVd6muEfDQjcINNoR0C8j2r3qZ4Q=
gopkg.in/yaml.v3 v3.0.1 h1:fxVm/GzAzEWqLHuvctI91KS9hhNmmWOoWu0XTYJS7CA=
gopkg.in/yaml.v3 v3.0.1/go.mod h1:K4uyk7z7BCEPqu6E+C64Yfv1cQ7kz7rIZviUmN+EgEM=
k8s.io/apimachinery v0.32.3 h1:JmDuDarhDmA/Li7j3aPrwhpNBA94Nvk5zLeOge9HH1U=
k8s.io/apimachinery v0.32.3/go.mod h1:GpHVgxoKlTxClKcteaeuF1Ul/lDVb74KpZcxcmLDElE=
